
Microsoft Visual Studio Solution File, Format Version 12.00
# Visual Studio Version 17
VisualStudioVersion = 17.9.34728.123
MinimumVisualStudioVersion = 10.0.40219.1
Project("{FAE04EC0-301F-11D3-BF4B-00C04F79EFBC}") = "WebAPI", "WebAPI\WebAPI.csproj", "{00D867B4-CB13-4141-BED7-9D1DD83EBC9C}"
EndProject
Project("{FAE04EC0-301F-11D3-BF4B-00C04F79EFBC}") = "DAL", "DAL\DAL.csproj", "{AB0B7366-DC42-4FF3-8EE6-C6B1B3F1BAB3}"
EndProject
Project("{FAE04EC0-301F-11D3-BF4B-00C04F79EFBC}") = "Model", "Model\Model.csproj", "{073D41B7-2203-4BA2-B893-87FEE63CB560}"
EndProject
Project("{FAE04EC0-301F-11D3-BF4B-00C04F79EFBC}") = "BLL", "BLL\BLL.csproj", "{DD35D071-79FB-441F-9993-7D3A12C94B05}"
EndProject
Project("{FAE04EC0-301F-11D3-BF4B-00C04F79EFBC}") = "BLL_EF", "BLL_EF\BLL_EF.csproj", "{6C6162E4-A213-418E-BCFF-0850C28D5DAD}"
EndProject
Project("{FAE04EC0-301F-11D3-BF4B-00C04F79EFBC}") = "DataGenerator", "DataGenerator\DataGenerator.csproj", "{F6337D70-19A9-439B-B081-E2BA341373EF}"
EndProject
Project("{FAE04EC0-301F-11D3-BF4B-00C04F79EFBC}") = "BLL_DB", "BLL_DB\BLL_DB.csproj", "{4789C5DD-F671-493B-892B-EE4C93B63EF2}"
EndProject
Global
	GlobalSection(SolutionConfigurationPlatforms) = preSolution
		Debug|Any CPU = Debug|Any CPU
		Release|Any CPU = Release|Any CPU
	EndGlobalSection
	GlobalSection(ProjectConfigurationPlatforms) = postSolution
		{00D867B4-CB13-4141-BED7-9D1DD83EBC9C}.Debug|Any CPU.ActiveCfg = Debug|Any CPU
		{00D867B4-CB13-4141-BED7-9D1DD83EBC9C}.Debug|Any CPU.Build.0 = Debug|Any CPU
		{00D867B4-CB13-4141-BED7-9D1DD83EBC9C}.Release|Any CPU.ActiveCfg = Release|Any CPU
		{00D867B4-CB13-4141-BED7-9D1DD83EBC9C}.Release|Any CPU.Build.0 = Release|Any CPU
		{AB0B7366-DC42-4FF3-8EE6-C6B1B3F1BAB3}.Debug|Any CPU.ActiveCfg = Debug|Any CPU
		{AB0B7366-DC42-4FF3-8EE6-C6B1B3F1BAB3}.Debug|Any CPU.Build.0 = Debug|Any CPU
		{AB0B7366-DC42-4FF3-8EE6-C6B1B3F1BAB3}.Release|Any CPU.ActiveCfg = Release|Any CPU
		{AB0B7366-DC42-4FF3-8EE6-C6B1B3F1BAB3}.Release|Any CPU.Build.0 = Release|Any CPU
		{073D41B7-2203-4BA2-B893-87FEE63CB560}.Debug|Any CPU.ActiveCfg = Debug|Any CPU
		{073D41B7-2203-4BA2-B893-87FEE63CB560}.Debug|Any CPU.Build.0 = Debug|Any CPU
		{073D41B7-2203-4BA2-B893-87FEE63CB560}.Release|Any CPU.ActiveCfg = Release|Any CPU
		{073D41B7-2203-4BA2-B893-87FEE63CB560}.Release|Any CPU.Build.0 = Release|Any CPU
		{DD35D071-79FB-441F-9993-7D3A12C94B05}.Debug|Any CPU.ActiveCfg = Debug|Any CPU
		{DD35D071-79FB-441F-9993-7D3A12C94B05}.Debug|Any CPU.Build.0 = Debug|Any CPU
		{DD35D071-79FB-441F-9993-7D3A12C94B05}.Release|Any CPU.ActiveCfg = Release|Any CPU
		{DD35D071-79FB-441F-9993-7D3A12C94B05}.Release|Any CPU.Build.0 = Release|Any CPU
		{6C6162E4-A213-418E-BCFF-0850C28D5DAD}.Debug|Any CPU.ActiveCfg = Debug|Any CPU
		{6C6162E4-A213-418E-BCFF-0850C28D5DAD}.Debug|Any CPU.Build.0 = Debug|Any CPU
		{6C6162E4-A213-418E-BCFF-0850C28D5DAD}.Release|Any CPU.ActiveCfg = Release|Any CPU
		{6C6162E4-A213-418E-BCFF-0850C28D5DAD}.Release|Any CPU.Build.0 = Release|Any CPU
		{F6337D70-19A9-439B-B081-E2BA341373EF}.Debug|Any CPU.ActiveCfg = Debug|Any CPU
		{F6337D70-19A9-439B-B081-E2BA341373EF}.Debug|Any CPU.Build.0 = Debug|Any CPU
		{F6337D70-19A9-439B-B081-E2BA341373EF}.Release|Any CPU.ActiveCfg = Release|Any CPU
		{F6337D70-19A9-439B-B081-E2BA341373EF}.Release|Any CPU.Build.0 = Release|Any CPU
		{4789C5DD-F671-493B-892B-EE4C93B63EF2}.Debug|Any CPU.ActiveCfg = Debug|Any CPU
		{4789C5DD-F671-493B-892B-EE4C93B63EF2}.Debug|Any CPU.Build.0 = Debug|Any CPU
		{4789C5DD-F671-493B-892B-EE4C93B63EF2}.Release|Any CPU.ActiveCfg = Release|Any CPU
		{4789C5DD-F671-493B-892B-EE4C93B63EF2}.Release|Any CPU.Build.0 = Release|Any CPU
	EndGlobalSection
	GlobalSection(SolutionProperties) = preSolution
		HideSolutionNode = FALSE
	EndGlobalSection
	GlobalSection(ExtensibilityGlobals) = postSolution
		SolutionGuid = {A21131F4-78A8-43C6-B499-7B676B5FE962}
	EndGlobalSection
EndGlobal
